
Microsoft Visual Studio Solution File, Format Version 12.00
# Visual Studio Version 16
VisualStudioVersion = 16.0.30114.105
MinimumVisualStudioVersion = 10.0.40219.1
Project("{FAE04EC0-301F-11D3-BF4B-00C04F79EFBC}") = "IndexerPrac", "IndexerPrac\IndexerPrac.csproj", "{5F0D4E54-C137-49DA-93DB-3E548389238D}"
EndProject
Global
	GlobalSection(SolutionConfigurationPlatforms) = preSolution
		Debug|Any CPU = Debug|Any CPU
		Release|Any CPU = Release|Any CPU
	EndGlobalSection
	GlobalSection(ProjectConfigurationPlatforms) = postSolution
		{5F0D4E54-C137-49DA-93DB-3E548389238D}.Debug|Any CPU.ActiveCfg = Debug|Any CPU
		{5F0D4E54-C137-49DA-93DB-3E548389238D}.Debug|Any CPU.Build.0 = Debug|Any CPU
		{5F0D4E54-C137-49DA-93DB-3E548389238D}.Release|Any CPU.ActiveCfg = Release|Any CPU
		{5F0D4E54-C137-49DA-93DB-3E548389238D}.Release|Any CPU.Build.0 = Release|Any CPU
	EndGlobalSection
	GlobalSection(SolutionProperties) = preSolution
		HideSolutionNode = FALSE
	EndGlobalSection
	GlobalSection(ExtensibilityGlobals) = postSolution
		SolutionGuid = {EE6313FA-6E99-47CF-97EC-A56575F2AA0B}
	EndGlobalSection
EndGlobal
